# THIS IS AN AUTOGENERATED FILE. DO NOT EDIT THIS FILE DIRECTLY.
# yarn lockfile v1


"@lukeed/csprng@^1.0.0":
  "integrity" "sha512-Z7C/xXCiGWsg0KuKsHTKJxbWhpI3Vs5GwLfOean7MGyVFGqdRgBbAjOCh6u4bbjPc/8MJ2pZmK/0DLdCbivLDA=="
  "resolved" "https://registry.npmjs.org/@lukeed/csprng/-/csprng-1.1.0.tgz"
  "version" "1.1.0"

"@nestjs/common@^7.0.8 || ^8.0.0 || ^9.0.0", "@nestjs/common@^9.0.0", "@nestjs/common@^9.4.0":
  "integrity" "sha512-RUcVAQsEF4WPrmzFXEOUfZnPwrLTe1UVlzXTlSyfqfqbdWDPKDGlIPVelBLfc5/+RRUQ0I5iE4+CQvpCmkqldw=="
  "resolved" "https://registry.npmjs.org/@nestjs/common/-/common-9.4.0.tgz"
  "version" "9.4.0"
  dependencies:
    "iterare" "1.2.1"
    "tslib" "2.5.0"
    "uid" "2.0.2"

"@nestjs/mapped-types@1.2.2":
  "integrity" "sha512-3dHxLXs3M0GPiriAcCFFJQHoDFUuzTD5w6JDhE7TyfT89YKpe6tcCCIqOZWdXmt9AZjjK30RkHRSFF+QEnWFQg=="
  "resolved" "https://registry.npmjs.org/@nestjs/mapped-types/-/mapped-types-1.2.2.tgz"
  "version" "1.2.2"

"@nestjs/swagger@^6.3.0":
  "integrity" "sha512-Gnig189oa1tD+h0BYIfUwhp/wvvmTn6iO3csR2E4rQrDTgCxSxZDlNdfZo3AC+Rmf8u0KX4ZAX1RZN1qXTtC7A=="
  "resolved" "https://registry.npmjs.org/@nestjs/swagger/-/swagger-6.3.0.tgz"
  "version" "6.3.0"
  dependencies:
    "@nestjs/mapped-types" "1.2.2"
    "js-yaml" "4.1.0"
    "lodash" "4.17.21"
    "path-to-regexp" "3.2.0"
    "swagger-ui-dist" "4.18.2"

"argparse@^2.0.1":
  "integrity" "sha512-8+9WqebbFzpX9OR+Wa6O29asIogeRMzcGtAINdpMHHyAg10f05aSFVBbcEqGf/PXw1EjAZ+q2/bEBg3DvurK3Q=="
  "resolved" "https://registry.npmjs.org/argparse/-/argparse-2.0.1.tgz"
  "version" "2.0.1"

"iterare@1.2.1":
  "integrity" "sha512-RKYVTCjAnRthyJes037NX/IiqeidgN1xc3j1RjFfECFp28A1GVwK9nA+i0rJPaHqSZwygLzRnFlzUuHFoWWy+Q=="
  "resolved" "https://registry.npmjs.org/iterare/-/iterare-1.2.1.tgz"
  "version" "1.2.1"

"js-yaml@4.1.0":
  "integrity" "sha512-wpxZs9NoxZaJESJGIZTyDEaYpl0FKSA+FB9aJiyemKhMwkxQg63h4T1KJgUGHpTqPDNRcmmYLugrRjJlBtWvRA=="
  "resolved" "https://registry.npmjs.org/js-yaml/-/js-yaml-4.1.0.tgz"
  "version" "4.1.0"
  dependencies:
    "argparse" "^2.0.1"

"lodash@4.17.21":
  "integrity" "sha512-v2kDEe57lecTulaDIuNTPy3Ry4gLGJ6Z1O3vE1krgXZNrsQ+LFTGHVxVjcXPs17LhbZVGedAJv8XZ1tvj5FvSg=="
  "resolved" "https://registry.npmjs.org/lodash/-/lodash-4.17.21.tgz"
  "version" "4.17.21"

"path-to-regexp@3.2.0":
  "integrity" "sha512-jczvQbCUS7XmS7o+y1aEO9OBVFeZBQ1MDSEqmO7xSoPgOPoowY/SxLpZ6Vh97/8qHZOteiCKb7gkG9gA2ZUxJA=="
  "resolved" "https://registry.npmjs.org/path-to-regexp/-/path-to-regexp-3.2.0.tgz"
  "version" "3.2.0"

"swagger-ui-dist@4.18.2":
  "integrity" "sha512-oVBoBl9Dg+VJw8uRWDxlyUyHoNEDC0c1ysT6+Boy6CTgr2rUcLcfPon4RvxgS2/taNW6O0+US+Z/dlAsWFjOAQ=="
  "resolved" "https://registry.npmjs.org/swagger-ui-dist/-/swagger-ui-dist-4.18.2.tgz"
  "version" "4.18.2"

"tslib@2.5.0":
  "integrity" "sha512-336iVw3rtn2BUK7ORdIAHTyxHGRIHVReokCR3XjbckJMK7ms8FysBfhLR8IXnAgy7T0PTPNBWKiH514FOW/WSg=="
  "resolved" "https://registry.npmjs.org/tslib/-/tslib-2.5.0.tgz"
  "version" "2.5.0"

"uid@2.0.2":
  "integrity" "sha512-u3xV3X7uzvi5b1MncmZo3i2Aw222Zk1keqLA1YkHldREkAhAqi65wuPfe7lHx8H/Wzy+8CE7S7uS3jekIM5s8g=="
  "resolved" "https://registry.npmjs.org/uid/-/uid-2.0.2.tgz"
  "version" "2.0.2"
  dependencies:
    "@lukeed/csprng" "^1.0.0"
